
Microsoft Visual Studio Solution File, Format Version 12.00
# Visual Studio Version 17
VisualStudioVersion = 17.11.35303.130
MinimumVisualStudioVersion = 10.0.40219.1
Project("{2150E333-8FDC-42A3-9474-1A3956D46DE8}") = "src", "src", "{742D96A9-FA3E-4AFF-9D6D-077EFAACB728}"
EndProject
Project("{2150E333-8FDC-42A3-9474-1A3956D46DE8}") = "Services", "Services", "{FCC5F1A2-58E6-4003-87B0-16739B0FFC9D}"
EndProject
Project("{2150E333-8FDC-42A3-9474-1A3956D46DE8}") = "Shared", "Shared", "{62847D0D-B93B-4B05-844F-AB002F56F39D}"
EndProject
Project("{2150E333-8FDC-42A3-9474-1A3956D46DE8}") = "ContentService", "ContentService", "{C0E6B1D6-738D-4CF6-A05A-6C3FA1C32F17}"
EndProject
Project("{2150E333-8FDC-42A3-9474-1A3956D46DE8}") = "UserService", "UserService", "{ED903961-2ADF-42D2-8192-35E0239CC419}"
EndProject
Project("{2150E333-8FDC-42A3-9474-1A3956D46DE8}") = "Core", "Core", "{60D96155-CD3D-49B8-861C-8B32D7660B5B}"
EndProject
Project("{2150E333-8FDC-42A3-9474-1A3956D46DE8}") = "Infrastructure", "Infrastructure", "{01C7AA97-4276-478D-A9B8-1BB6BB1DD323}"
EndProject
Project("{2150E333-8FDC-42A3-9474-1A3956D46DE8}") = "Presentation", "Presentation", "{E57C7567-61D5-43DB-8C76-EFD523F19F99}"
EndProject
Project("{2150E333-8FDC-42A3-9474-1A3956D46DE8}") = "Infrastructure", "Infrastructure", "{78544F2D-7493-4047-AC7B-7A5E87A5C9C1}"
EndProject
Project("{2150E333-8FDC-42A3-9474-1A3956D46DE8}") = "Presentation", "Presentation", "{AD64A86E-B21F-4FFE-A558-CC48154C61FC}"
EndProject
Project("{2150E333-8FDC-42A3-9474-1A3956D46DE8}") = "Core", "Core", "{2AA8B1D6-D093-4465-95B8-E9936EF22F6F}"
EndProject
Project("{FAE04EC0-301F-11D3-BF4B-00C04F79EFBC}") = "ContentService.Domain", "src\Services\ContentService\Core\ContentService.Domain\ContentService.Domain.csproj", "{3177974F-30C3-44DA-942D-8EE8164F531E}"
EndProject
Project("{FAE04EC0-301F-11D3-BF4B-00C04F79EFBC}") = "ContentService.Application", "src\Services\ContentService\Core\ContentService.Application\ContentService.Application.csproj", "{3F55D454-DE71-405E-B3F1-EF2E128CEF84}"
EndProject
Project("{FAE04EC0-301F-11D3-BF4B-00C04F79EFBC}") = "ContentService.Infrastructure", "src\Services\ContentService\Infrastructure\ContentService.Infrastructure\ContentService.Infrastructure.csproj", "{830B9C81-1AAB-4B8E-9794-18A435E2C6F2}"
EndProject
Project("{FAE04EC0-301F-11D3-BF4B-00C04F79EFBC}") = "ContentService.Persistence", "src\Services\ContentService\Infrastructure\ContentService.Persistence\ContentService.Persistence.csproj", "{CD71B1E1-90CA-4606-B235-145639406951}"
EndProject
Project("{FAE04EC0-301F-11D3-BF4B-00C04F79EFBC}") = "ContentService.Api", "src\Services\ContentService\Presentation\ContentService.Api\ContentService.Api.csproj", "{5602D27E-6D03-4F7D-A4FA-F821808E9CF0}"
EndProject
Project("{FAE04EC0-301F-11D3-BF4B-00C04F79EFBC}") = "UserService.Domain", "src\Services\UserService\Core\UserService.Domain\UserService.Domain.csproj", "{8DD45407-99E0-4C5E-9B08-C61DE81AEE23}"
EndProject
Project("{FAE04EC0-301F-11D3-BF4B-00C04F79EFBC}") = "UserService.Application", "src\Services\UserService\Core\UserService.Application\UserService.Application.csproj", "{4E0739A3-D7C6-44A9-B62F-521FB3C468D9}"
EndProject
Project("{FAE04EC0-301F-11D3-BF4B-00C04F79EFBC}") = "UserService.Infrastructure", "src\Services\UserService\Infrastructure\UserService.Infrastructure\UserService.Infrastructure.csproj", "{DCC75833-72DF-47AF-A6B9-BC7AF6FA9525}"
EndProject
Project("{FAE04EC0-301F-11D3-BF4B-00C04F79EFBC}") = "UserService.Persistence", "src\Services\UserService\Infrastructure\UserService.Persistence\UserService.Persistence.csproj", "{D60ACD10-6FBE-401E-853C-FE3A001B772A}"
EndProject
Project("{FAE04EC0-301F-11D3-BF4B-00C04F79EFBC}") = "UserService.Api", "src\Services\UserService\Presentation\UserService.Api\UserService.Api.csproj", "{73470B68-DF81-4763-9F45-663AC73AFAB6}"
EndProject
Global
	GlobalSection(SolutionConfigurationPlatforms) = preSolution
		Debug|Any CPU = Debug|Any CPU
		Release|Any CPU = Release|Any CPU
	EndGlobalSection
	GlobalSection(ProjectConfigurationPlatforms) = postSolution
		{3177974F-30C3-44DA-942D-8EE8164F531E}.Debug|Any CPU.ActiveCfg = Debug|Any CPU
		{3177974F-30C3-44DA-942D-8EE8164F531E}.Debug|Any CPU.Build.0 = Debug|Any CPU
		{3177974F-30C3-44DA-942D-8EE8164F531E}.Release|Any CPU.ActiveCfg = Release|Any CPU
		{3177974F-30C3-44DA-942D-8EE8164F531E}.Release|Any CPU.Build.0 = Release|Any CPU
		{3F55D454-DE71-405E-B3F1-EF2E128CEF84}.Debug|Any CPU.ActiveCfg = Debug|Any CPU
		{3F55D454-DE71-405E-B3F1-EF2E128CEF84}.Debug|Any CPU.Build.0 = Debug|Any CPU
		{3F55D454-DE71-405E-B3F1-EF2E128CEF84}.Release|Any CPU.ActiveCfg = Release|Any CPU
		{3F55D454-DE71-405E-B3F1-EF2E128CEF84}.Release|Any CPU.Build.0 = Release|Any CPU
		{830B9C81-1AAB-4B8E-9794-18A435E2C6F2}.Debug|Any CPU.ActiveCfg = Debug|Any CPU
		{830B9C81-1AAB-4B8E-9794-18A435E2C6F2}.Debug|Any CPU.Build.0 = Debug|Any CPU
		{830B9C81-1AAB-4B8E-9794-18A435E2C6F2}.Release|Any CPU.ActiveCfg = Release|Any CPU
		{830B9C81-1AAB-4B8E-9794-18A435E2C6F2}.Release|Any CPU.Build.0 = Release|Any CPU
		{CD71B1E1-90CA-4606-B235-145639406951}.Debug|Any CPU.ActiveCfg = Debug|Any CPU
		{CD71B1E1-90CA-4606-B235-145639406951}.Debug|Any CPU.Build.0 = Debug|Any CPU
		{CD71B1E1-90CA-4606-B235-145639406951}.Release|Any CPU.ActiveCfg = Release|Any CPU
		{CD71B1E1-90CA-4606-B235-145639406951}.Release|Any CPU.Build.0 = Release|Any CPU
		{5602D27E-6D03-4F7D-A4FA-F821808E9CF0}.Debug|Any CPU.ActiveCfg = Debug|Any CPU
		{5602D27E-6D03-4F7D-A4FA-F821808E9CF0}.Debug|Any CPU.Build.0 = Debug|Any CPU
		{5602D27E-6D03-4F7D-A4FA-F821808E9CF0}.Release|Any CPU.ActiveCfg = Release|Any CPU
		{5602D27E-6D03-4F7D-A4FA-F821808E9CF0}.Release|Any CPU.Build.0 = Release|Any CPU
		{8DD45407-99E0-4C5E-9B08-C61DE81AEE23}.Debug|Any CPU.ActiveCfg = Debug|Any CPU
		{8DD45407-99E0-4C5E-9B08-C61DE81AEE23}.Debug|Any CPU.Build.0 = Debug|Any CPU
		{8DD45407-99E0-4C5E-9B08-C61DE81AEE23}.Release|Any CPU.ActiveCfg = Release|Any CPU
		{8DD45407-99E0-4C5E-9B08-C61DE81AEE23}.Release|Any CPU.Build.0 = Release|Any CPU
		{4E0739A3-D7C6-44A9-B62F-521FB3C468D9}.Debug|Any CPU.ActiveCfg = Debug|Any CPU
		{4E0739A3-D7C6-44A9-B62F-521FB3C468D9}.Debug|Any CPU.Build.0 = Debug|Any CPU
		{4E0739A3-D7C6-44A9-B62F-521FB3C468D9}.Release|Any CPU.ActiveCfg = Release|Any CPU
		{4E0739A3-D7C6-44A9-B62F-521FB3C468D9}.Release|Any CPU.Build.0 = Release|Any CPU
		{DCC75833-72DF-47AF-A6B9-BC7AF6FA9525}.Debug|Any CPU.ActiveCfg = Debug|Any CPU
		{DCC75833-72DF-47AF-A6B9-BC7AF6FA9525}.Debug|Any CPU.Build.0 = Debug|Any CPU
		{DCC75833-72DF-47AF-A6B9-BC7AF6FA9525}.Release|Any CPU.ActiveCfg = Release|Any CPU
		{DCC75833-72DF-47AF-A6B9-BC7AF6FA9525}.Release|Any CPU.Build.0 = Release|Any CPU
		{D60ACD10-6FBE-401E-853C-FE3A001B772A}.Debug|Any CPU.ActiveCfg = Debug|Any CPU
		{D60ACD10-6FBE-401E-853C-FE3A001B772A}.Debug|Any CPU.Build.0 = Debug|Any CPU
		{D60ACD10-6FBE-401E-853C-FE3A001B772A}.Release|Any CPU.ActiveCfg = Release|Any CPU
		{D60ACD10-6FBE-401E-853C-FE3A001B772A}.Release|Any CPU.Build.0 = Release|Any CPU
		{73470B68-DF81-4763-9F45-663AC73AFAB6}.Debug|Any CPU.ActiveCfg = Debug|Any CPU
		{73470B68-DF81-4763-9F45-663AC73AFAB6}.Debug|Any CPU.Build.0 = Debug|Any CPU
		{73470B68-DF81-4763-9F45-663AC73AFAB6}.Release|Any CPU.ActiveCfg = Release|Any CPU
		{73470B68-DF81-4763-9F45-663AC73AFAB6}.Release|Any CPU.Build.0 = Release|Any CPU
	EndGlobalSection
	GlobalSection(SolutionProperties) = preSolution
		HideSolutionNode = FALSE
	EndGlobalSection
	GlobalSection(NestedProjects) = preSolution
		{FCC5F1A2-58E6-4003-87B0-16739B0FFC9D} = {742D96A9-FA3E-4AFF-9D6D-077EFAACB728}
		{62847D0D-B93B-4B05-844F-AB002F56F39D} = {742D96A9-FA3E-4AFF-9D6D-077EFAACB728}
		{C0E6B1D6-738D-4CF6-A05A-6C3FA1C32F17} = {FCC5F1A2-58E6-4003-87B0-16739B0FFC9D}
		{ED903961-2ADF-42D2-8192-35E0239CC419} = {FCC5F1A2-58E6-4003-87B0-16739B0FFC9D}
		{60D96155-CD3D-49B8-861C-8B32D7660B5B} = {C0E6B1D6-738D-4CF6-A05A-6C3FA1C32F17}
		{01C7AA97-4276-478D-A9B8-1BB6BB1DD323} = {C0E6B1D6-738D-4CF6-A05A-6C3FA1C32F17}
		{E57C7567-61D5-43DB-8C76-EFD523F19F99} = {C0E6B1D6-738D-4CF6-A05A-6C3FA1C32F17}
		{78544F2D-7493-4047-AC7B-7A5E87A5C9C1} = {ED903961-2ADF-42D2-8192-35E0239CC419}
		{AD64A86E-B21F-4FFE-A558-CC48154C61FC} = {ED903961-2ADF-42D2-8192-35E0239CC419}
		{2AA8B1D6-D093-4465-95B8-E9936EF22F6F} = {ED903961-2ADF-42D2-8192-35E0239CC419}
		{3177974F-30C3-44DA-942D-8EE8164F531E} = {60D96155-CD3D-49B8-861C-8B32D7660B5B}
		{3F55D454-DE71-405E-B3F1-EF2E128CEF84} = {60D96155-CD3D-49B8-861C-8B32D7660B5B}
		{830B9C81-1AAB-4B8E-9794-18A435E2C6F2} = {01C7AA97-4276-478D-A9B8-1BB6BB1DD323}
		{CD71B1E1-90CA-4606-B235-145639406951} = {01C7AA97-4276-478D-A9B8-1BB6BB1DD323}
		{5602D27E-6D03-4F7D-A4FA-F821808E9CF0} = {E57C7567-61D5-43DB-8C76-EFD523F19F99}
		{8DD45407-99E0-4C5E-9B08-C61DE81AEE23} = {2AA8B1D6-D093-4465-95B8-E9936EF22F6F}
		{4E0739A3-D7C6-44A9-B62F-521FB3C468D9} = {2AA8B1D6-D093-4465-95B8-E9936EF22F6F}
		{DCC75833-72DF-47AF-A6B9-BC7AF6FA9525} = {78544F2D-7493-4047-AC7B-7A5E87A5C9C1}
		{D60ACD10-6FBE-401E-853C-FE3A001B772A} = {78544F2D-7493-4047-AC7B-7A5E87A5C9C1}
		{73470B68-DF81-4763-9F45-663AC73AFAB6} = {AD64A86E-B21F-4FFE-A558-CC48154C61FC}
	EndGlobalSection
	GlobalSection(ExtensibilityGlobals) = postSolution
		SolutionGuid = {D0064624-C709-439B-AE36-50FC607551DD}
	EndGlobalSection
EndGlobal
